
Microsoft Visual Studio Solution File, Format Version 12.00
# Visual Studio Version 17
VisualStudioVersion = 17.14.36327.8 d17.14
MinimumVisualStudioVersion = 10.0.40219.1
Project("{FAE04EC0-301F-11D3-BF4B-00C04F79EFBC}") = "Ecv2DotNet", "Ecv2DotNet\Ecv2DotNet.csproj", "{B36BBEDC-8F18-4491-8A87-B0E8E815110B}"
EndProject
Global
	GlobalSection(SolutionConfigurationPlatforms) = preSolution
		Debug|Any CPU = Debug|Any CPU
		Release|Any CPU = Release|Any CPU
	EndGlobalSection
	GlobalSection(ProjectConfigurationPlatforms) = postSolution
		{B36BBEDC-8F18-4491-8A87-B0E8E815110B}.Debug|Any CPU.ActiveCfg = Debug|Any CPU
		{B36BBEDC-8F18-4491-8A87-B0E8E815110B}.Debug|Any CPU.Build.0 = Debug|Any CPU
		{B36BBEDC-8F18-4491-8A87-B0E8E815110B}.Release|Any CPU.ActiveCfg = Release|Any CPU
		{B36BBEDC-8F18-4491-8A87-B0E8E815110B}.Release|Any CPU.Build.0 = Release|Any CPU
	EndGlobalSection
	GlobalSection(SolutionProperties) = preSolution
		HideSolutionNode = FALSE
	EndGlobalSection
	GlobalSection(ExtensibilityGlobals) = postSolution
		SolutionGuid = {932AB6C1-2BA4-4D25-862B-2C78D5572505}
	EndGlobalSection
EndGlobal
